
Microsoft Visual Studio Solution File, Format Version 12.00
# Visual Studio Version 17
VisualStudioVersion = 17.8.34309.116
MinimumVisualStudioVersion = 10.0.40219.1
Project("{2150E333-8FDC-42A3-9474-1A3956D46DE8}") = "01. Presentation", "01. Presentation", "{B8975E38-CFD4-4471-9758-4518055E1230}"
EndProject
Project("{2150E333-8FDC-42A3-9474-1A3956D46DE8}") = "02. BusinessRules", "02. BusinessRules", "{FFC778E0-6EDF-4496-B9DC-1976499F25AA}"
EndProject
Project("{2150E333-8FDC-42A3-9474-1A3956D46DE8}") = "03. Infrastructure", "03. Infrastructure", "{D5932A84-4A9A-4A7B-A46D-4264AAC83933}"
EndProject
Project("{9A19103F-16F7-4668-BE54-9A1E7A4F7556}") = "Application", "Application\Application.csproj", "{AF8E00FE-600E-41F8-B062-37B12F52C493}"
EndProject
Project("{9A19103F-16F7-4668-BE54-9A1E7A4F7556}") = "Algorithms", "Algorithms\Algorithms.csproj", "{6AAF7283-B6E5-4F1F-90B9-47CB6CADB30E}"
EndProject
Project("{9A19103F-16F7-4668-BE54-9A1E7A4F7556}") = "Domain", "Domain\Domain.csproj", "{57A1A658-D067-4B45-86FF-6BDDE067D317}"
EndProject
Project("{9A19103F-16F7-4668-BE54-9A1E7A4F7556}") = "API", "API\API.csproj", "{BAAFC9E0-5005-40C8-913F-CC2832DF47AD}"
EndProject
Project("{9A19103F-16F7-4668-BE54-9A1E7A4F7556}") = "Persistence", "Persistence\Persistence.csproj", "{221A9265-2697-42A1-8BBD-72BF42EC4FE3}"
EndProject
Project("{9A19103F-16F7-4668-BE54-9A1E7A4F7556}") = "Web", "Web\Web.csproj", "{DFD226AA-DA12-4F5A-8A59-BDF64C16BB3B}"
EndProject
Global
	GlobalSection(SolutionConfigurationPlatforms) = preSolution
		Debug|Any CPU = Debug|Any CPU
		Release|Any CPU = Release|Any CPU
	EndGlobalSection
	GlobalSection(ProjectConfigurationPlatforms) = postSolution
		{AF8E00FE-600E-41F8-B062-37B12F52C493}.Debug|Any CPU.ActiveCfg = Debug|Any CPU
		{AF8E00FE-600E-41F8-B062-37B12F52C493}.Debug|Any CPU.Build.0 = Debug|Any CPU
		{AF8E00FE-600E-41F8-B062-37B12F52C493}.Release|Any CPU.ActiveCfg = Release|Any CPU
		{AF8E00FE-600E-41F8-B062-37B12F52C493}.Release|Any CPU.Build.0 = Release|Any CPU
		{6AAF7283-B6E5-4F1F-90B9-47CB6CADB30E}.Debug|Any CPU.ActiveCfg = Debug|Any CPU
		{6AAF7283-B6E5-4F1F-90B9-47CB6CADB30E}.Debug|Any CPU.Build.0 = Debug|Any CPU
		{6AAF7283-B6E5-4F1F-90B9-47CB6CADB30E}.Release|Any CPU.ActiveCfg = Release|Any CPU
		{6AAF7283-B6E5-4F1F-90B9-47CB6CADB30E}.Release|Any CPU.Build.0 = Release|Any CPU
		{57A1A658-D067-4B45-86FF-6BDDE067D317}.Debug|Any CPU.ActiveCfg = Debug|Any CPU
		{57A1A658-D067-4B45-86FF-6BDDE067D317}.Debug|Any CPU.Build.0 = Debug|Any CPU
		{57A1A658-D067-4B45-86FF-6BDDE067D317}.Release|Any CPU.ActiveCfg = Release|Any CPU
		{57A1A658-D067-4B45-86FF-6BDDE067D317}.Release|Any CPU.Build.0 = Release|Any CPU
		{BAAFC9E0-5005-40C8-913F-CC2832DF47AD}.Debug|Any CPU.ActiveCfg = Debug|Any CPU
		{BAAFC9E0-5005-40C8-913F-CC2832DF47AD}.Debug|Any CPU.Build.0 = Debug|Any CPU
		{BAAFC9E0-5005-40C8-913F-CC2832DF47AD}.Release|Any CPU.ActiveCfg = Release|Any CPU
		{BAAFC9E0-5005-40C8-913F-CC2832DF47AD}.Release|Any CPU.Build.0 = Release|Any CPU
		{221A9265-2697-42A1-8BBD-72BF42EC4FE3}.Debug|Any CPU.ActiveCfg = Debug|Any CPU
		{221A9265-2697-42A1-8BBD-72BF42EC4FE3}.Debug|Any CPU.Build.0 = Debug|Any CPU
		{221A9265-2697-42A1-8BBD-72BF42EC4FE3}.Release|Any CPU.ActiveCfg = Release|Any CPU
		{221A9265-2697-42A1-8BBD-72BF42EC4FE3}.Release|Any CPU.Build.0 = Release|Any CPU
		{DFD226AA-DA12-4F5A-8A59-BDF64C16BB3B}.Debug|Any CPU.ActiveCfg = Debug|Any CPU
		{DFD226AA-DA12-4F5A-8A59-BDF64C16BB3B}.Debug|Any CPU.Build.0 = Debug|Any CPU
		{DFD226AA-DA12-4F5A-8A59-BDF64C16BB3B}.Release|Any CPU.ActiveCfg = Release|Any CPU
		{DFD226AA-DA12-4F5A-8A59-BDF64C16BB3B}.Release|Any CPU.Build.0 = Release|Any CPU
	EndGlobalSection
	GlobalSection(SolutionProperties) = preSolution
		HideSolutionNode = FALSE
	EndGlobalSection
	GlobalSection(NestedProjects) = preSolution
		{AF8E00FE-600E-41F8-B062-37B12F52C493} = {FFC778E0-6EDF-4496-B9DC-1976499F25AA}
		{6AAF7283-B6E5-4F1F-90B9-47CB6CADB30E} = {B8975E38-CFD4-4471-9758-4518055E1230}
		{57A1A658-D067-4B45-86FF-6BDDE067D317} = {FFC778E0-6EDF-4496-B9DC-1976499F25AA}
		{BAAFC9E0-5005-40C8-913F-CC2832DF47AD} = {B8975E38-CFD4-4471-9758-4518055E1230}
		{221A9265-2697-42A1-8BBD-72BF42EC4FE3} = {D5932A84-4A9A-4A7B-A46D-4264AAC83933}
		{DFD226AA-DA12-4F5A-8A59-BDF64C16BB3B} = {B8975E38-CFD4-4471-9758-4518055E1230}
	EndGlobalSection
	GlobalSection(ExtensibilityGlobals) = postSolution
		SolutionGuid = {DC7AB7A3-FF35-4780-A91E-8320C6131FB4}
	EndGlobalSection
EndGlobal
